
Microsoft Visual Studio Solution File, Format Version 12.00
# Visual Studio Version 17
VisualStudioVersion = 17.8.34330.188
MinimumVisualStudioVersion = 10.0.40219.1
Project("{FAE04EC0-301F-11D3-BF4B-00C04F79EFBC}") = "DigiLog", "DigiLog\DigiLog.csproj", "{5FC64C34-388D-49F9-BC18-8CC2B4828238}"
EndProject
Global
	GlobalSection(SolutionConfigurationPlatforms) = preSolution
		Debug|Any CPU = Debug|Any CPU
		Release|Any CPU = Release|Any CPU
	EndGlobalSection
	GlobalSection(ProjectConfigurationPlatforms) = postSolution
		{5FC64C34-388D-49F9-BC18-8CC2B4828238}.Debug|Any CPU.ActiveCfg = Debug|Any CPU
		{5FC64C34-388D-49F9-BC18-8CC2B4828238}.Debug|Any CPU.Build.0 = Debug|Any CPU
		{5FC64C34-388D-49F9-BC18-8CC2B4828238}.Release|Any CPU.ActiveCfg = Release|Any CPU
		{5FC64C34-388D-49F9-BC18-8CC2B4828238}.Release|Any CPU.Build.0 = Release|Any CPU
	EndGlobalSection
	GlobalSection(SolutionProperties) = preSolution
		HideSolutionNode = FALSE
	EndGlobalSection
	GlobalSection(ExtensibilityGlobals) = postSolution
		SolutionGuid = {77A8E6D3-5501-4D76-973C-348AF9B74B6D}
	EndGlobalSection
EndGlobal
